
Microsoft Visual Studio Solution File, Format Version 12.00
# Visual Studio Version 17
VisualStudioVersion = 17.2.32602.215
MinimumVisualStudioVersion = 10.0.40219.1
Project("{FAE04EC0-301F-11D3-BF4B-00C04F79EFBC}") = "OpenshiftDotNetSqlServerMvc", "OpenshiftDotNetSqlServerMvc\OpenshiftDotNetSqlServerMvc.csproj", "{34467DFB-4305-4DB8-AE9B-88DA62146997}"
EndProject
Global
	GlobalSection(SolutionConfigurationPlatforms) = preSolution
		Debug|Any CPU = Debug|Any CPU
		Release|Any CPU = Release|Any CPU
	EndGlobalSection
	GlobalSection(ProjectConfigurationPlatforms) = postSolution
		{34467DFB-4305-4DB8-AE9B-88DA62146997}.Debug|Any CPU.ActiveCfg = Debug|Any CPU
		{34467DFB-4305-4DB8-AE9B-88DA62146997}.Debug|Any CPU.Build.0 = Debug|Any CPU
		{34467DFB-4305-4DB8-AE9B-88DA62146997}.Release|Any CPU.ActiveCfg = Release|Any CPU
		{34467DFB-4305-4DB8-AE9B-88DA62146997}.Release|Any CPU.Build.0 = Release|Any CPU
	EndGlobalSection
	GlobalSection(SolutionProperties) = preSolution
		HideSolutionNode = FALSE
	EndGlobalSection
	GlobalSection(ExtensibilityGlobals) = postSolution
		SolutionGuid = {2F4FBCAF-EA44-4475-8946-992DBD66551D}
	EndGlobalSection
EndGlobal
